{
  "object": {
    "pins": [
      {
        "package": "AutoCleaner",
        "repositoryURL": "https://github.com/swiftarium/AutoCleaner",
        "state": {
          "branch": null,
          "revision": "e2612fb66683b5e3b98053ca799527e6a8ab7684",
          "version": "1.2.0"
        }
      },
      {
        "package": "WeakRef",
        "repositoryURL": "https://github.com/swiftarium/WeakRef",
        "state": {
          "branch": null,
          "revision": "b464717e3d6c47b63df96209f7ba2023d66b6c2e",
          "version": "1.1.0"
        }
      }
    ]
  },
  "version": 1
}
